dependencies:
- name: common
  repository: oci://registry-1.docker.io/bitnamicharts
  version: 2.36.0
- name: redis
  repository: https://ot-container-kit.github.io/helm-charts/
  version: 0.16.9
digest: sha256:358e21ed5711ccd5e852f5ac0d439d60bae04e4a6b55faade756469529c982e1
generated: "2026-03-16T14:23:58.740651276+08:00"
