dependencies:
- name: tenant
  repository: https://operator.min.io/
  version: 7.1.1
- name: redis
  repository: https://ot-container-kit.github.io/helm-charts/
  version: 0.16.9
digest: sha256:f513318730597a8211754e35261cb0d67bfcebfde9c6d9deaca933075c7b69a2
generated: "2026-03-15T08:46:04.770079351+08:00"
